// !$*UTF8*$!
{
	archiveVersion = 1;
	classes = {
	};
	objectVersion = 50;
	objects = {

/* Begin PBXBuildFile section */
		CD924C41216885950082FC09 /* FlameViewController.swift in Sources */ = {isa = PBXBuildFile; fileRef = CD924C40216885950082FC09 /* FlameViewController.swift */; };
		CD924C4321688CD00082FC09 /* ConfettiViewController.swift in Sources */ = {isa = PBXBuildFile; fileRef = CD924C4221688CD00082FC09 /* ConfettiViewController.swift */; };
		CDDF14DC21674C1900EE3DF7 /* AppDelegate.swift in Sources */ = {isa = PBXBuildFile; fileRef = CDDF14DB21674C1900EE3DF7 /* AppDelegate.swift */; };
		CDDF14DE21674C1900EE3DF7 /* ViewController.swift in Sources */ = {isa = PBXBuildFile; fileRef = CDDF14DD21674C1900EE3DF7 /* ViewController.swift */; };
		CDDF14E121674C1900EE3DF7 /* Main.storyboard in Resources */ = {isa = PBXBuildFile; fileRef = CDDF14DF21674C1900EE3DF7 /* Main.storyboard */; };
		CDDF14E321674C2100EE3DF7 /* Assets.xcassets in Resources */ = {isa = PBXBuildFile; fileRef = CDDF14E221674C2100EE3DF7 /* Assets.xcassets */; };
		CDDF14E621674C2100EE3DF7 /* LaunchScreen.storyboard in Resources */ = {isa = PBXBuildFile; fileRef = CDDF14E421674C2100EE3DF7 /* LaunchScreen.storyboard */; };
		CDDF14EF21677B0500EE3DF7 /* CAScrollLayerViewController.swift in Sources */ = {isa = PBXBuildFile; fileRef = CDDF14EE21677B0500EE3DF7 /* CAScrollLayerViewController.swift */; };
		CDDF14F121677C1300EE3DF7 /* CAEmittingLayerViewController.swift in Sources */ = {isa = PBXBuildFile; fileRef = CDDF14F021677C1300EE3DF7 /* CAEmittingLayerViewController.swift */; };
		CDDF14F921678A2C00EE3DF7 /* SnowEffectViewController.swift in Sources */ = {isa = PBXBuildFile; fileRef = CDDF14F821678A2C00EE3DF7 /* SnowEffectViewController.swift */; };
/* End PBXBuildFile section */

/* Begin PBXFileReference section */
		CD924C40216885950082FC09 /* FlameViewController.swift */ = {isa = PBXFileReference; lastKnownFileType = sourcecode.swift; path = FlameViewController.swift; sourceTree = "<group>"; };
		CD924C4221688CD00082FC09 /* ConfettiViewController.swift */ = {isa = PBXFileReference; lastKnownFileType = sourcecode.swift; path = ConfettiViewController.swift; sourceTree = "<group>"; };
		CDDF14D821674C1900EE3DF7 /* SubCoreanimations.app */ = {isa = PBXFileReference; explicitFileType = wrapper.application; includeInIndex = 0; path = SubCoreanimations.app; sourceTree = BUILT_PRODUCTS_DIR; };
		CDDF14DB21674C1900EE3DF7 /* AppDelegate.swift */ = {isa = PBXFileReference; lastKnownFileType = sourcecode.swift; path = AppDelegate.swift; sourceTree = "<group>"; };
		CDDF14DD21674C1900EE3DF7 /* ViewController.swift */ = {isa = PBXFileReference; lastKnownFileType = sourcecode.swift; path = ViewController.swift; sourceTree = "<group>"; };
		CDDF14E021674C1900EE3DF7 /* Base */ = {isa = PBXFileReference; lastKnownFileType = file.storyboard; name = Base; path = Base.lproj/Main.storyboard; sourceTree = "<group>"; };
		CDDF14E221674C2100EE3DF7 /* Assets.xcassets */ = {isa = PBXFileReference; lastKnownFileType = folder.assetcatalog; path = Assets.xcassets; sourceTree = "<group>"; };
		CDDF14E521674C2100EE3DF7 /* Base */ = {isa = PBXFileReference; lastKnownFileType = file.storyboard; name = Base; path = Base.lproj/LaunchScreen.storyboard; sourceTree = "<group>"; };
		CDDF14E721674C2100EE3DF7 /* Info.plist */ = {isa = PBXFileReference; lastKnownFileType = text.plist.xml; path = Info.plist; sourceTree = "<group>"; };
		CDDF14EE21677B0500EE3DF7 /* CAScrollLayerViewController.swift */ = {isa = PBXFileReference; lastKnownFileType = sourcecode.swift; path = CAScrollLayerViewController.swift; sourceTree = "<group>"; };
		CDDF14F021677C1300EE3DF7 /* CAEmittingLayerViewController.swift */ = {isa = PBXFileReference; lastKnownFileType = sourcecode.swift; path = CAEmittingLayerViewController.swift; sourceTree = "<group>"; };
		CDDF14F821678A2C00EE3DF7 /* SnowEffectViewController.swift */ = {isa = PBXFileReference; lastKnownFileType = sourcecode.swift; path = SnowEffectViewController.swift; sourceTree = "<group>"; };
/* End PBXFileReference section */

/* Begin PBXFrameworksBuildPhase section */
		CDDF14D521674C1900EE3DF7 /* Frameworks */ = {
			isa = PBXFrameworksBuildPhase;
			buildActionMask = 2147483647;
			files = (
			);
			runOnlyForDeploymentPostprocessing = 0;
		};
/* End PBXFrameworksBuildPhase section */

/* Begin PBXGroup section */
		CDDF14CF21674C1900EE3DF7 = {
			isa = PBXGroup;
			children = (
				CDDF14DA21674C1900EE3DF7 /* SubCoreanimations */,
				CDDF14D921674C1900EE3DF7 /* Products */,
			);
			sourceTree = "<group>";
		};
		CDDF14D921674C1900EE3DF7 /* Products */ = {
			isa = PBXGroup;
			children = (
				CDDF14D821674C1900EE3DF7 /* SubCoreanimations.app */,
			);
			name = Products;
			sourceTree = "<group>";
		};
		CDDF14DA21674C1900EE3DF7 /* SubCoreanimations */ = {
			isa = PBXGroup;
			children = (
				CDDF14ED21677AEA00EE3DF7 /* ViewController */,
				CDDF14DB21674C1900EE3DF7 /* AppDelegate.swift */,
				CDDF14DF21674C1900EE3DF7 /* Main.storyboard */,
				CDDF14E221674C2100EE3DF7 /* Assets.xcassets */,
				CDDF14E421674C2100EE3DF7 /* LaunchScreen.storyboard */,
				CDDF14E721674C2100EE3DF7 /* Info.plist */,
			);
			path = SubCoreanimations;
			sourceTree = "<group>";
		};
		CDDF14ED21677AEA00EE3DF7 /* ViewController */ = {
			isa = PBXGroup;
			children = (
				CDDF14F7216789FD00EE3DF7 /* CAEmittingSubLayer */,
				CDDF14DD21674C1900EE3DF7 /* ViewController.swift */,
				CDDF14EE21677B0500EE3DF7 /* CAScrollLayerViewController.swift */,
				CDDF14F021677C1300EE3DF7 /* CAEmittingLayerViewController.swift */,
			);
			path = ViewController;
			sourceTree = "<group>";
		};
		CDDF14F7216789FD00EE3DF7 /* CAEmittingSubLayer */ = {
			isa = PBXGroup;
			children = (
				CDDF14F821678A2C00EE3DF7 /* SnowEffectViewController.swift */,
				CD924C40216885950082FC09 /* FlameViewController.swift */,
				CD924C4221688CD00082FC09 /* ConfettiViewController.swift */,
			);
			path = CAEmittingSubLayer;
			sourceTree = "<group>";
		};
/* End PBXGroup section */

/* Begin PBXNativeTarget section */
		CDDF14D721674C1900EE3DF7 /* SubCoreanimations */ = {
			isa = PBXNativeTarget;
			buildConfigurationList = CDDF14EA21674C2100EE3DF7 /* Build configuration list for PBXNativeTarget "SubCoreanimations" */;
			buildPhases = (
				CDDF14D421674C1900EE3DF7 /* Sources */,
				CDDF14D521674C1900EE3DF7 /* Frameworks */,
				CDDF14D621674C1900EE3DF7 /* Resources */,
			);
			buildRules = (
			);
			dependencies = (
			);
			name = SubCoreanimations;
			productName = SubCoreanimations;
			productReference = CDDF14D821674C1900EE3DF7 /* SubCoreanimations.app */;
			productType = "com.apple.product-type.application";
		};
/* End PBXNativeTarget section */

/* Begin PBXProject section */
		CDDF14D021674C1900EE3DF7 /* Project object */ = {
			isa = PBXProject;
			attributes = {
				LastSwiftUpdateCheck = 0930;
				LastUpgradeCheck = 0930;
				ORGANIZATIONNAME = Globussoft;
				TargetAttributes = {
					CDDF14D721674C1900EE3DF7 = {
						CreatedOnToolsVersion = 9.3.1;
					};
				};
			};
			buildConfigurationList = CDDF14D321674C1900EE3DF7 /* Build configuration list for PBXProject "SubCoreanimations" */;
			compatibilityVersion = "Xcode 9.3";
			developmentRegion = en;
			hasScannedForEncodings = 0;
			knownRegions = (
				en,
				Base,
			);
			mainGroup = CDDF14CF21674C1900EE3DF7;
			productRefGroup = CDDF14D921674C1900EE3DF7 /* Products */;
			projectDirPath = "";
			projectRoot = "";
			targets = (
				CDDF14D721674C1900EE3DF7 /* SubCoreanimations */,
			);
		};
/* End PBXProject section */

/* Begin PBXResourcesBuildPhase section */
		CDDF14D621674C1900EE3DF7 /* Resources */ = {
			isa = PBXResourcesBuildPhase;
			buildActionMask = 2147483647;
			files = (
				CDDF14E621674C2100EE3DF7 /* LaunchScreen.storyboard in Resources */,
				CDDF14E321674C2100EE3DF7 /* Assets.xcassets in Resources */,
				CDDF14E121674C1900EE3DF7 /* Main.storyboard in Resources */,
			);
			runOnlyForDeploymentPostprocessing = 0;
		};
/* End PBXResourcesBuildPhase section */

/* Begin PBXSourcesBuildPhase section */
		CDDF14D421674C1900EE3DF7 /* Sources */ = {
			isa = PBXSourcesBuildPhase;
			buildActionMask = 2147483647;
			files = (
				CD924C41216885950082FC09 /* FlameViewController.swift in Sources */,
				CDDF14DE21674C1900EE3DF7 /* ViewController.swift in Sources */,
				CDDF14F921678A2C00EE3DF7 /* SnowEffectViewController.swift in Sources */,
				CD924C4321688CD00082FC09 /* ConfettiViewController.swift in Sources */,
				CDDF14EF21677B0500EE3DF7 /* CAScrollLayerViewController.swift in Sources */,
				CDDF14DC21674C1900EE3DF7 /* AppDelegate.swift in Sources */,
				CDDF14F121677C1300EE3DF7 /* CAEmittingLayerViewController.swift in Sources */,
			);
			runOnlyForDeploymentPostprocessing = 0;
		};
/* End PBXSourcesBuildPhase section */

/* Begin PBXVariantGroup section */
		CDDF14DF21674C1900EE3DF7 /* Main.storyboard */ = {
			isa = PBXVariantGroup;
			children = (
				CDDF14E021674C1900EE3DF7 /* Base */,
			);
			name = Main.storyboard;
			sourceTree = "<group>";
		};
		CDDF14E421674C2100EE3DF7 /* LaunchScreen.storyboard */ = {
			isa = PBXVariantGroup;
			children = (
				CDDF14E521674C2100EE3DF7 /* Base */,
			);
			name = LaunchScreen.storyboard;
			sourceTree = "<group>";
		};
/* End PBXVariantGroup section */

/* Begin XCBuildConfiguration section */
		CDDF14E821674C2100EE3DF7 /* Debug */ = {
			isa = XCBuildConfiguration;
			buildSettings = {
				ALWAYS_SEARCH_USER_PATHS = NO;
				CLANG_ANALYZER_NONNULL = YES;
				CLANG_ANALYZER_NUMBER_OBJECT_CONVERSION = YES_AGGRESSIVE;
				CLANG_CXX_LANGUAGE_STANDARD = "gnu++14";
				CLANG_CXX_LIBRARY = "libc++";
				CLANG_ENABLE_MODULES = YES;
				CLANG_ENABLE_OBJC_ARC = YES;
				CLANG_ENABLE_OBJC_WEAK = YES;
				CLANG_WARN_BLOCK_CAPTURE_AUTORELEASING = YES;
				CLANG_WARN_BOOL_CONVERSION = YES;
				CLANG_WARN_COMMA = YES;
				CLANG_WARN_CONSTANT_CONVERSION = YES;
				CLANG_WARN_DEPRECATED_OBJC_IMPLEMENTATIONS = YES;
				CLANG_WARN_DIRECT_OBJC_ISA_USAGE = YES_ERROR;
				CLANG_WARN_DOCUMENTATION_COMMENTS = YES;
				CLANG_WARN_EMPTY_BODY = YES;
				CLANG_WARN_ENUM_CONVERSION = YES;
				CLANG_WARN_INFINITE_RECURSION = YES;
				CLANG_WARN_INT_CONVERSION = YES;
				CLANG_WARN_NON_LITERAL_NULL_CONVERSION = YES;
				CLANG_WARN_OBJC_IMPLICIT_RETAIN_SELF = YES;
				CLANG_WARN_OBJC_LITERAL_CONVERSION = YES;
				CLANG_WARN_OBJC_ROOT_CLASS = YES_ERROR;
				CLANG_WARN_RANGE_LOOP_ANALYSIS = YES;
				CLANG_WARN_STRICT_PROTOTYPES = YES;
				CLANG_WARN_SUSPICIOUS_MOVE = YES;
				CLANG_WARN_UNGUARDED_AVAILABILITY = YES_AGGRESSIVE;
				CLANG_WARN_UNREACHABLE_CODE = YES;
				CLANG_WARN__DUPLICATE_METHOD_MATCH = YES;
				CODE_SIGN_IDENTITY = "iPhone Developer";
				COPY_PHASE_STRIP = NO;
				DEBUG_INFORMATION_FORMAT = dwarf;
				ENABLE_STRICT_OBJC_MSGSEND = YES;
				ENABLE_TESTABILITY = YES;
				GCC_C_LANGUAGE_STANDARD = gnu11;
				GCC_DYNAMIC_NO_PIC = NO;
				GCC_NO_COMMON_BLOCKS = YES;
				GCC_OPTIMIZATION_LEVEL = 0;
				GCC_PREPROCESSOR_DEFINITIONS = (
					"DEBUG=1",
					"$(inherited)",
				);
				GCC_WARN_64_TO_32_BIT_CONVERSION = YES;
				GCC_WARN_ABOUT_RETURN_TYPE = YES_ERROR;
				GCC_WARN_UNDECLARED_SELECTOR = YES;
				GCC_WARN_UNINITIALIZED_AUTOS = YES_AGGRESSIVE;
				GCC_WARN_UNUSED_FUNCTION = YES;
				GCC_WARN_UNUSED_VARIABLE = YES;
				IPHONEOS_DEPLOYMENT_TARGET = 11.3;
				MTL_ENABLE_DEBUG_INFO = YES;
				ONLY_ACTIVE_ARCH = YES;
				SDKROOT = iphoneos;
				SWIFT_ACTIVE_COMPILATION_CONDITIONS = DEBUG;
				SWIFT_OPTIMIZATION_LEVEL = "-Onone";
			};
			name = Debug;
		};
		CDDF14E921674C2100EE3DF7 /* Release */ = {
			isa = XCBuildConfiguration;
			buildSettings = {
				ALWAYS_SEARCH_USER_PATHS = NO;
				CLANG_ANALYZER_NONNULL = YES;
				CLANG_ANALYZER_NUMBER_OBJECT_CONVERSION = YES_AGGRESSIVE;
				CLANG_CXX_LANGUAGE_STANDARD = "gnu++14";
				CLANG_CXX_LIBRARY = "libc++";
				CLANG_ENABLE_MODULES = YES;
				CLANG_ENABLE_OBJC_ARC = YES;
				CLANG_ENABLE_OBJC_WEAK = YES;
				CLANG_WARN_BLOCK_CAPTURE_AUTORELEASING = YES;
				CLANG_WARN_BOOL_CONVERSION = YES;
				CLANG_WARN_COMMA = YES;
				CLANG_WARN_CONSTANT_CONVERSION = YES;
				CLANG_WARN_DEPRECATED_OBJC_IMPLEMENTATIONS = YES;
				CLANG_WARN_DIRECT_OBJC_ISA_USAGE = YES_ERROR;
				CLANG_WARN_DOCUMENTATION_COMMENTS = YES;
				CLANG_WARN_EMPTY_BODY = YES;
				CLANG_WARN_ENUM_CONVERSION = YES;
				CLANG_WARN_INFINITE_RECURSION = YES;
				CLANG_WARN_INT_CONVERSION = YES;
				CLANG_WARN_NON_LITERAL_NULL_CONVERSION = YES;
				CLANG_WARN_OBJC_IMPLICIT_RETAIN_SELF = YES;
				CLANG_WARN_OBJC_LITERAL_CONVERSION = YES;
				CLANG_WARN_OBJC_ROOT_CLASS = YES_ERROR;
				CLANG_WARN_RANGE_LOOP_ANALYSIS = YES;
				CLANG_WARN_STRICT_PROTOTYPES = YES;
				CLANG_WARN_SUSPICIOUS_MOVE = YES;
				CLANG_WARN_UNGUARDED_AVAILABILITY = YES_AGGRESSIVE;
				CLANG_WARN_UNREACHABLE_CODE = YES;
				CLANG_WARN__DUPLICATE_METHOD_MATCH = YES;
				CODE_SIGN_IDENTITY = "iPhone Developer";
				COPY_PHASE_STRIP = NO;
				DEBUG_INFORMATION_FORMAT = "dwarf-with-dsym";
				ENABLE_NS_ASSERTIONS = NO;
				ENABLE_STRICT_OBJC_MSGSEND = YES;
				GCC_C_LANGUAGE_STANDARD = gnu11;
				GCC_NO_COMMON_BLOCKS = YES;
				GCC_WARN_64_TO_32_BIT_CONVERSION = YES;
				GCC_WARN_ABOUT_RETURN_TYPE = YES_ERROR;
				GCC_WARN_UNDECLARED_SELECTOR = YES;
				GCC_WARN_UNINITIALIZED_AUTOS = YES_AGGRESSIVE;
				GCC_WARN_UNUSED_FUNCTION = YES;
				GCC_WARN_UNUSED_VARIABLE = YES;
				IPHONEOS_DEPLOYMENT_TARGET = 11.3;
				MTL_ENABLE_DEBUG_INFO = NO;
				SDKROOT = iphoneos;
				SWIFT_COMPILATION_MODE = wholemodule;
				SWIFT_OPTIMIZATION_LEVEL = "-O";
				VALIDATE_PRODUCT = YES;
			};
			name = Release;
		};
		CDDF14EB21674C2100EE3DF7 /* Debug */ = {
			isa = XCBuildConfiguration;
			buildSettings = {
				ASSETCATALOG_COMPILER_APPICON_NAME = AppIcon;
				CODE_SIGN_STYLE = Manual;
				DEVELOPMENT_TEAM = "";
				INFOPLIST_FILE = SubCoreanimations/Info.plist;
				IPHONEOS_DEPLOYMENT_TARGET = 10.0;
				LD_RUNPATH_SEARCH_PATHS = (
					"$(inherited)",
					"@executable_path/Frameworks",
				);
				PRODUCT_BUNDLE_IDENTIFIER = globussoft.com.SubCoreanimations;
				PRODUCT_NAME = "$(TARGET_NAME)";
				PROVISIONING_PROFILE_SPECIFIER = "";
				SWIFT_VERSION = 4.0;
				TARGETED_DEVICE_FAMILY = "1,2";
			};
			name = Debug;
		};
		CDDF14EC21674C2100EE3DF7 /* Release */ = {
			isa = XCBuildConfiguration;
			buildSettings = {
				ASSETCATALOG_COMPILER_APPICON_NAME = AppIcon;
				CODE_SIGN_STYLE = Manual;
				DEVELOPMENT_TEAM = "";
				INFOPLIST_FILE = SubCoreanimations/Info.plist;
				IPHONEOS_DEPLOYMENT_TARGET = 10.0;
				LD_RUNPATH_SEARCH_PATHS = (
					"$(inherited)",
					"@executable_path/Frameworks",
				);
				PRODUCT_BUNDLE_IDENTIFIER = globussoft.com.SubCoreanimations;
				PRODUCT_NAME = "$(TARGET_NAME)";
				PROVISIONING_PROFILE_SPECIFIER = "";
				SWIFT_VERSION = 4.0;
				TARGETED_DEVICE_FAMILY = "1,2";
			};
			name = Release;
		};
/* End XCBuildConfiguration section */

/* Begin XCConfigurationList section */
		CDDF14D321674C1900EE3DF7 /* Build configuration list for PBXProject "SubCoreanimations" */ = {
			isa = XCConfigurationList;
			buildConfigurations = (
				CDDF14E821674C2100EE3DF7 /* Debug */,
				CDDF14E921674C2100EE3DF7 /* Release */,
			);
			defaultConfigurationIsVisible = 0;
			defaultConfigurationName = Release;
		};
		CDDF14EA21674C2100EE3DF7 /* Build configuration list for PBXNativeTarget "SubCoreanimations" */ = {
			isa = XCConfigurationList;
			buildConfigurations = (
				CDDF14EB21674C2100EE3DF7 /* Debug */,
				CDDF14EC21674C2100EE3DF7 /* Release */,
			);
			defaultConfigurationIsVisible = 0;
			defaultConfigurationName = Release;
		};
/* End XCConfigurationList section */
	};
	rootObject = CDDF14D021674C1900EE3DF7 /* Project object */;
}
